{
  "name": "project_1",
  "lockfileVersion": 3,
  "requires": true,
  "packages": {
    "": {
      "dependencies": {
        "dark-mode-toggle": "^0.16.1"
      }
    },
    "node_modules/dark-mode-toggle": {
      "version": "0.16.1",
      "resolved": "https://registry.npmjs.org/dark-mode-toggle/-/dark-mode-toggle-0.16.1.tgz",
      "integrity": "sha512-OtQX9lY9BwUYHLFBtpozLup3XmWGJ2TZov+Y9kZRznGPALQ2j1W3diS8YJTgluXzUrrLTPXDC7bjJTbmfWSrqA==",
      "license": "Apache-2.0"
    }
  }
}
